dependencies:
- name: cert-manager
  repository: https://kubernetes-charts.storage.googleapis.com/
  version: v0.4.0
- name: prometheus
  repository: https://kubernetes-charts.storage.googleapis.com/
  version: 5.5.3
- name: postgresql
  repository: https://kubernetes-charts.storage.googleapis.com/
  version: 0.12.0
- name: gitlab-runner
  repository: https://charts.gitlab.io/
  version: 0.4.1
digest: sha256:39dcf230d2ec67045b85096c6c98c9339fd603ccbdef6c963a0884afc68af072
generated: 2019-04-24T17:54:04.629040884Z
